// !$*UTF8*$!
{
	archiveVersion = 1;
	classes = {
	};
	objectVersion = 46;
	objects = {

/* Begin PBXBuildFile section */
		2F0BC00DA55F3CE9E6159C4B /* ls.c in Sources */ = {isa = PBXBuildFile; fileRef = 2F0BC9EAC649DFCF5596C28A /* ls.c */; };
		2F0BC05190B3AFB2EC195897 /* tail.c in Sources */ = {isa = PBXBuildFile; fileRef = 2F0BCD64A9BA7A2BFDE54B0F /* tail.c */; };
		2F0BC430A918C422A76C9536 /* error.c in Sources */ = {isa = PBXBuildFile; fileRef = 2F0BC8B66641E3C3931A1C14 /* error.c */; };
		2F0BC720973E768538DF6FD9 /* main.c in Sources */ = {isa = PBXBuildFile; fileRef = 2F0BC0C429008E3780F9231E /* main.c */; };
		2F0BC876921ABA9A215AAF44 /* kill.c in Sources */ = {isa = PBXBuildFile; fileRef = 2F0BCA2A5089474D20681BC4 /* kill.c */; };
		2F0BC8E4D43F76D82104707A /* find.c in Sources */ = {isa = PBXBuildFile; fileRef = 2F0BCCDB6B8CAF77BD0C1070 /* find.c */; };
		2F0BCBE10966CBB9FE5EDDF9 /* tree.c in Sources */ = {isa = PBXBuildFile; fileRef = 2F0BC859B8986A6A0CC5F008 /* tree.c */; };
		2F0BCBFFC499077D8A77FA67 /* shell.c in Sources */ = {isa = PBXBuildFile; fileRef = 2F0BC18D71D3D85F5BDA654A /* shell.c */; };
/* End PBXBuildFile section */

/* Begin PBXCopyFilesBuildPhase section */
		2F0BCBEBFDADA08A614C585F /* CopyFiles */ = {
			isa = PBXCopyFilesBuildPhase;
			buildActionMask = 2147483647;
			dstPath = /usr/share/man/man1/;
			dstSubfolderSpec = 0;
			files = (
			);
			runOnlyForDeploymentPostprocessing = 1;
		};
/* End PBXCopyFilesBuildPhase section */

/* Begin PBXFileReference section */
		2F0BC0C429008E3780F9231E /* main.c */ = {isa = PBXFileReference; lastKnownFileType = sourcecode.c.c; path = main.c; sourceTree = "<group>"; };
		2F0BC18D71D3D85F5BDA654A /* shell.c */ = {isa = PBXFileReference; fileEncoding = 4; lastKnownFileType = sourcecode.c.c; path = shell.c; sourceTree = "<group>"; };
		2F0BC4D8673BC786AC905D60 /* tree_a.c */ = {isa = PBXFileReference; fileEncoding = 4; lastKnownFileType = sourcecode.c.c; path = tree_a.c; sourceTree = "<group>"; };
		2F0BC859B8986A6A0CC5F008 /* tree.c */ = {isa = PBXFileReference; fileEncoding = 4; lastKnownFileType = sourcecode.c.c; path = tree.c; sourceTree = "<group>"; };
		2F0BC86F88574FE5A76A06D5 /* while.c */ = {isa = PBXFileReference; fileEncoding = 4; lastKnownFileType = sourcecode.c.c; path = while.c; sourceTree = "<group>"; };
		2F0BC8B66641E3C3931A1C14 /* error.c */ = {isa = PBXFileReference; fileEncoding = 4; lastKnownFileType = sourcecode.c.c; path = error.c; sourceTree = "<group>"; };
		2F0BC9EAC649DFCF5596C28A /* ls.c */ = {isa = PBXFileReference; fileEncoding = 4; lastKnownFileType = sourcecode.c.c; path = ls.c; sourceTree = "<group>"; };
		2F0BC9F056F16D33FDE19C65 /* apue.h */ = {isa = PBXFileReference; fileEncoding = 4; lastKnownFileType = sourcecode.c.h; path = apue.h; sourceTree = "<group>"; };
		2F0BCA2A5089474D20681BC4 /* kill.c */ = {isa = PBXFileReference; fileEncoding = 4; lastKnownFileType = sourcecode.c.c; path = kill.c; sourceTree = "<group>"; };
		2F0BCB26856388C9FB4575FE /* apue */ = {isa = PBXFileReference; explicitFileType = "compiled.mach-o.executable"; includeInIndex = 0; path = apue; sourceTree = BUILT_PRODUCTS_DIR; };
		2F0BCCDB6B8CAF77BD0C1070 /* find.c */ = {isa = PBXFileReference; fileEncoding = 4; lastKnownFileType = sourcecode.c.c; path = find.c; sourceTree = "<group>"; };
		2F0BCD64A9BA7A2BFDE54B0F /* tail.c */ = {isa = PBXFileReference; fileEncoding = 4; lastKnownFileType = sourcecode.c.c; path = tail.c; sourceTree = "<group>"; };
/* End PBXFileReference section */

/* Begin PBXFrameworksBuildPhase section */
		2F0BCA73767FE3201818910A /* Frameworks */ = {
			isa = PBXFrameworksBuildPhase;
			buildActionMask = 2147483647;
			files = (
			);
			runOnlyForDeploymentPostprocessing = 0;
		};
/* End PBXFrameworksBuildPhase section */

/* Begin PBXGroup section */
		2F0BC763051BEFED48E1767F = {
			isa = PBXGroup;
			children = (
				2F0BC848B485EF4A9A1F5ED5 /* Products */,
				2F0BCCC019F36CD4002028BE /* apue */,
			);
			sourceTree = "<group>";
		};
		2F0BC848B485EF4A9A1F5ED5 /* Products */ = {
			isa = PBXGroup;
			children = (
				2F0BCB26856388C9FB4575FE /* apue */,
			);
			name = Products;
			sourceTree = "<group>";
		};
		2F0BCCC019F36CD4002028BE /* apue */ = {
			isa = PBXGroup;
			children = (
				2F0BC0C429008E3780F9231E /* main.c */,
				2F0BC9F056F16D33FDE19C65 /* apue.h */,
				2F0BC8B66641E3C3931A1C14 /* error.c */,
				2F0BC9EAC649DFCF5596C28A /* ls.c */,
				2F0BC859B8986A6A0CC5F008 /* tree.c */,
				2F0BC4D8673BC786AC905D60 /* tree_a.c */,
				2F0BCCDB6B8CAF77BD0C1070 /* find.c */,
				2F0BCD64A9BA7A2BFDE54B0F /* tail.c */,
				2F0BC18D71D3D85F5BDA654A /* shell.c */,
				2F0BC86F88574FE5A76A06D5 /* while.c */,
				2F0BCA2A5089474D20681BC4 /* kill.c */,
			);
			path = apue;
			sourceTree = "<group>";
		};
/* End PBXGroup section */

/* Begin PBXNativeTarget section */
		2F0BCD3F912E85DE1B101EC3 /* apue */ = {
			isa = PBXNativeTarget;
			buildConfigurationList = 2F0BC5738B108E119C612C73 /* Build configuration list for PBXNativeTarget "apue" */;
			buildPhases = (
				2F0BCF29EF2F7F00088C626D /* Sources */,
				2F0BCA73767FE3201818910A /* Frameworks */,
				2F0BCBEBFDADA08A614C585F /* CopyFiles */,
			);
			buildRules = (
			);
			dependencies = (
			);
			name = apue;
			productName = apue;
			productReference = 2F0BCB26856388C9FB4575FE /* apue */;
			productType = "com.apple.product-type.tool";
		};
/* End PBXNativeTarget section */

/* Begin PBXProject section */
		2F0BC96FD675F054BC7F0071 /* Project object */ = {
			isa = PBXProject;
			attributes = {
				ORGANIZATIONNAME = "___FULLUSERNAME___";
			};
			buildConfigurationList = 2F0BC84C57FB788CCCB1AB79 /* Build configuration list for PBXProject "apue" */;
			compatibilityVersion = "Xcode 3.2";
			developmentRegion = English;
			hasScannedForEncodings = 0;
			knownRegions = (
				en,
			);
			mainGroup = 2F0BC763051BEFED48E1767F;
			productRefGroup = 2F0BC848B485EF4A9A1F5ED5 /* Products */;
			projectDirPath = "";
			projectRoot = "";
			targets = (
				2F0BCD3F912E85DE1B101EC3 /* apue */,
			);
		};
/* End PBXProject section */

/* Begin PBXSourcesBuildPhase section */
		2F0BCF29EF2F7F00088C626D /* Sources */ = {
			isa = PBXSourcesBuildPhase;
			buildActionMask = 2147483647;
			files = (
				2F0BC720973E768538DF6FD9 /* main.c in Sources */,
				2F0BC430A918C422A76C9536 /* error.c in Sources */,
				2F0BC00DA55F3CE9E6159C4B /* ls.c in Sources */,
				2F0BCBE10966CBB9FE5EDDF9 /* tree.c in Sources */,
				2F0BC8E4D43F76D82104707A /* find.c in Sources */,
				2F0BC05190B3AFB2EC195897 /* tail.c in Sources */,
				2F0BCBFFC499077D8A77FA67 /* shell.c in Sources */,
				2F0BC876921ABA9A215AAF44 /* kill.c in Sources */,
			);
			runOnlyForDeploymentPostprocessing = 0;
		};
/* End PBXSourcesBuildPhase section */

/* Begin XCBuildConfiguration section */
		2F0BC0E6CDD79080F0615ED5 /* Release */ = {
			isa = XCBuildConfiguration;
			buildSettings = {
				PRODUCT_NAME = "$(TARGET_NAME)";
			};
			name = Release;
		};
		2F0BC7A66812133DDBA6B96B /* Release */ = {
			isa = XCBuildConfiguration;
			buildSettings = {
				ALWAYS_SEARCH_USER_PATHS = NO;
				CLANG_ANALYZER_NONNULL = YES;
				CLANG_ANALYZER_NUMBER_OBJECT_CONVERSION = YES_AGGRESSIVE;
				CLANG_CXX_LANGUAGE_STANDARD = "gnu++14";
				CLANG_CXX_LIBRARY = "libc++";
				CLANG_ENABLE_MODULES = YES;
				CLANG_ENABLE_OBJC_ARC = YES;
				CLANG_ENABLE_OBJC_WEAK = YES;
				CLANG_WARN_BLOCK_CAPTURE_AUTORELEASING = YES;
				CLANG_WARN_BOOL_CONVERSION = YES;
				CLANG_WARN_COMMA = YES;
				CLANG_WARN_CONSTANT_CONVERSION = YES;
				CLANG_WARN_DEPRECATED_OBJC_IMPLEMENTATIONS = YES;
				CLANG_WARN_DIRECT_OBJC_ISA_USAGE = YES_ERROR;
				CLANG_WARN_DOCUMENTATION_COMMENTS = YES;
				CLANG_WARN_EMPTY_BODY = YES;
				CLANG_WARN_ENUM_CONVERSION = YES;
				CLANG_WARN_INFINITE_RECURSION = YES;
				CLANG_WARN_INT_CONVERSION = YES;
				CLANG_WARN_NON_LITERAL_NULL_CONVERSION = YES;
				CLANG_WARN_OBJC_IMPLICIT_RETAIN_SELF = YES;
				CLANG_WARN_OBJC_LITERAL_CONVERSION = YES;
				CLANG_WARN_OBJC_ROOT_CLASS = YES_ERROR;
				CLANG_WARN_RANGE_LOOP_ANALYSIS = YES;
				CLANG_WARN_STRICT_PROTOTYPES = YES;
				CLANG_WARN_SUSPICIOUS_MOVE = YES;
				CLANG_WARN_UNGUARDED_AVAILABILITY = YES_AGGRESSIVE;
				CLANG_WARN_UNREACHABLE_CODE = YES;
				CLANG_WARN__DUPLICATE_METHOD_MATCH = YES;
				CODE_SIGN_IDENTITY = "-";
				COPY_PHASE_STRIP = NO;
				DEBUG_INFORMATION_FORMAT = "dwarf-with-dsym";
				ENABLE_NS_ASSERTIONS = NO;
				ENABLE_STRICT_OBJC_MSGSEND = YES;
				GCC_C_LANGUAGE_STANDARD = gnu11;
				GCC_NO_COMMON_BLOCKS = YES;
				GCC_WARN_64_TO_32_BIT_CONVERSION = YES;
				GCC_WARN_ABOUT_RETURN_TYPE = YES_ERROR;
				GCC_WARN_UNDECLARED_SELECTOR = YES;
				GCC_WARN_UNINITIALIZED_AUTOS = YES_AGGRESSIVE;
				GCC_WARN_UNUSED_FUNCTION = YES;
				GCC_WARN_UNUSED_VARIABLE = YES;
				MACOSX_DEPLOYMENT_TARGET = 10.13;
				MTL_ENABLE_DEBUG_INFO = NO;
				SDKROOT = macosx;
			};
			name = Release;
		};
		2F0BCC72251C1A552B7AF60E /* Debug */ = {
			isa = XCBuildConfiguration;
			buildSettings = {
				PRODUCT_NAME = "$(TARGET_NAME)";
			};
			name = Debug;
		};
		2F0BCD55C87C4B79DA06F02B /* Debug */ = {
			isa = XCBuildConfiguration;
			buildSettings = {
				ALWAYS_SEARCH_USER_PATHS = NO;
				CLANG_ANALYZER_NONNULL = YES;
				CLANG_ANALYZER_NUMBER_OBJECT_CONVERSION = YES_AGGRESSIVE;
				CLANG_CXX_LANGUAGE_STANDARD = "gnu++14";
				CLANG_CXX_LIBRARY = "libc++";
				CLANG_ENABLE_MODULES = YES;
				CLANG_ENABLE_OBJC_ARC = YES;
				CLANG_ENABLE_OBJC_WEAK = YES;
				CLANG_WARN_BLOCK_CAPTURE_AUTORELEASING = YES;
				CLANG_WARN_BOOL_CONVERSION = YES;
				CLANG_WARN_COMMA = YES;
				CLANG_WARN_CONSTANT_CONVERSION = YES;
				CLANG_WARN_DEPRECATED_OBJC_IMPLEMENTATIONS = YES;
				CLANG_WARN_DIRECT_OBJC_ISA_USAGE = YES_ERROR;
				CLANG_WARN_DOCUMENTATION_COMMENTS = YES;
				CLANG_WARN_EMPTY_BODY = YES;
				CLANG_WARN_ENUM_CONVERSION = YES;
				CLANG_WARN_INFINITE_RECURSION = YES;
				CLANG_WARN_INT_CONVERSION = YES;
				CLANG_WARN_NON_LITERAL_NULL_CONVERSION = YES;
				CLANG_WARN_OBJC_IMPLICIT_RETAIN_SELF = YES;
				CLANG_WARN_OBJC_LITERAL_CONVERSION = YES;
				CLANG_WARN_OBJC_ROOT_CLASS = YES_ERROR;
				CLANG_WARN_RANGE_LOOP_ANALYSIS = YES;
				CLANG_WARN_STRICT_PROTOTYPES = YES;
				CLANG_WARN_SUSPICIOUS_MOVE = YES;
				CLANG_WARN_UNGUARDED_AVAILABILITY = YES_AGGRESSIVE;
				CLANG_WARN_UNREACHABLE_CODE = YES;
				CLANG_WARN__DUPLICATE_METHOD_MATCH = YES;
				CODE_SIGN_IDENTITY = "-";
				COPY_PHASE_STRIP = NO;
				DEBUG_INFORMATION_FORMAT = dwarf;
				ENABLE_STRICT_OBJC_MSGSEND = YES;
				ENABLE_TESTABILITY = YES;
				GCC_C_LANGUAGE_STANDARD = gnu11;
				GCC_DYNAMIC_NO_PIC = NO;
				GCC_NO_COMMON_BLOCKS = YES;
				GCC_OPTIMIZATION_LEVEL = 0;
				GCC_PREPROCESSOR_DEFINITIONS = (
					"DEBUG=1",
					"$(inherited)",
				);
				GCC_WARN_64_TO_32_BIT_CONVERSION = YES;
				GCC_WARN_ABOUT_RETURN_TYPE = YES_ERROR;
				GCC_WARN_UNDECLARED_SELECTOR = YES;
				GCC_WARN_UNINITIALIZED_AUTOS = YES_AGGRESSIVE;
				GCC_WARN_UNUSED_FUNCTION = YES;
				GCC_WARN_UNUSED_VARIABLE = YES;
				MACOSX_DEPLOYMENT_TARGET = 10.13;
				MTL_ENABLE_DEBUG_INFO = YES;
				ONLY_ACTIVE_ARCH = YES;
				SDKROOT = macosx;
			};
			name = Debug;
		};
/* End XCBuildConfiguration section */

/* Begin XCConfigurationList section */
		2F0BC5738B108E119C612C73 /* Build configuration list for PBXNativeTarget "apue" */ = {
			isa = XCConfigurationList;
			buildConfigurations = (
				2F0BCC72251C1A552B7AF60E /* Debug */,
				2F0BC0E6CDD79080F0615ED5 /* Release */,
			);
			defaultConfigurationIsVisible = 0;
		};
		2F0BC84C57FB788CCCB1AB79 /* Build configuration list for PBXProject "apue" */ = {
			isa = XCConfigurationList;
			buildConfigurations = (
				2F0BCD55C87C4B79DA06F02B /* Debug */,
				2F0BC7A66812133DDBA6B96B /* Release */,
			);
			defaultConfigurationIsVisible = 0;
			defaultConfigurationName = Release;
		};
/* End XCConfigurationList section */
	};
	rootObject = 2F0BC96FD675F054BC7F0071 /* Project object */;
}
